
Microsoft Visual Studio Solution File, Format Version 12.00
# Visual Studio Version 16
VisualStudioVersion = 16.0.30804.86
MinimumVisualStudioVersion = 10.0.40219.1
Project("{FAE04EC0-301F-11D3-BF4B-00C04F79EFBC}") = "YoutubeDownloader", "YoutubeDownloader\YoutubeDownloader.csproj", "{15A074CC-8525-4F27-87EF-3ED25B8927A1}"
EndProject
Project("{FAE04EC0-301F-11D3-BF4B-00C04F79EFBC}") = "YoutubeDownloaderTest", "YoutubeDownloaderTest\YoutubeDownloaderTest.csproj", "{A2812E03-47A0-4ED9-BB5E-B5E1602CA7AD}"
EndProject
Global
	GlobalSection(SolutionConfigurationPlatforms) = preSolution
		Debug|Any CPU = Debug|Any CPU
		Release|Any CPU = Release|Any CPU
	EndGlobalSection
	GlobalSection(ProjectConfigurationPlatforms) = postSolution
		{15A074CC-8525-4F27-87EF-3ED25B8927A1}.Debug|Any CPU.ActiveCfg = Debug|Any CPU
		{15A074CC-8525-4F27-87EF-3ED25B8927A1}.Debug|Any CPU.Build.0 = Debug|Any CPU
		{15A074CC-8525-4F27-87EF-3ED25B8927A1}.Release|Any CPU.ActiveCfg = Release|Any CPU
		{15A074CC-8525-4F27-87EF-3ED25B8927A1}.Release|Any CPU.Build.0 = Release|Any CPU
		{A2812E03-47A0-4ED9-BB5E-B5E1602CA7AD}.Debug|Any CPU.ActiveCfg = Debug|Any CPU
		{A2812E03-47A0-4ED9-BB5E-B5E1602CA7AD}.Debug|Any CPU.Build.0 = Debug|Any CPU
		{A2812E03-47A0-4ED9-BB5E-B5E1602CA7AD}.Release|Any CPU.ActiveCfg = Release|Any CPU
		{A2812E03-47A0-4ED9-BB5E-B5E1602CA7AD}.Release|Any CPU.Build.0 = Release|Any CPU
	EndGlobalSection
	GlobalSection(SolutionProperties) = preSolution
		HideSolutionNode = FALSE
	EndGlobalSection
	GlobalSection(ExtensibilityGlobals) = postSolution
		SolutionGuid = {3A34D5BD-B7D6-472B-8824-1A8E0A212B6C}
	EndGlobalSection
EndGlobal
